// !$*UTF8*$!
{
	archiveVersion = 1;
	classes = {
	};
	objectVersion = 56;
	objects = {

/* Begin PBXBuildFile section */
		013906A22AEBF17E00DDC21D /* GardenListViewModel.swift in Sources */ = {isa = PBXBuildFile; fileRef = 013906A12AEBF17E00DDC21D /* GardenListViewModel.swift */; };
		014365012AEA8A8A00CE6E0B /* ProfileView.swift in Sources */ = {isa = PBXBuildFile; fileRef = 014364FE2AEA8A8A00CE6E0B /* ProfileView.swift */; };
		014365022AEA8A8A00CE6E0B /* RootView.swift in Sources */ = {isa = PBXBuildFile; fileRef = 014364FF2AEA8A8A00CE6E0B /* RootView.swift */; };
		014365032AEA8A8A00CE6E0B /* GardenListView.swift in Sources */ = {isa = PBXBuildFile; fileRef = 014365002AEA8A8A00CE6E0B /* GardenListView.swift */; };
		0143650B2AEA8A9900CE6E0B /* CreateGardenOnboardingViewModel.swift in Sources */ = {isa = PBXBuildFile; fileRef = 014365052AEA8A9900CE6E0B /* CreateGardenOnboardingViewModel.swift */; };
		0143650C2AEA8A9900CE6E0B /* LoginViewModel.swift in Sources */ = {isa = PBXBuildFile; fileRef = 014365062AEA8A9900CE6E0B /* LoginViewModel.swift */; };
		0143650D2AEA8A9900CE6E0B /* SignUpViewModel.swift in Sources */ = {isa = PBXBuildFile; fileRef = 014365072AEA8A9900CE6E0B /* SignUpViewModel.swift */; };
		0143650E2AEA8A9900CE6E0B /* AddPlantOnboardingViewModel.swift in Sources */ = {isa = PBXBuildFile; fileRef = 014365082AEA8A9900CE6E0B /* AddPlantOnboardingViewModel.swift */; };
		0143650F2AEA8A9900CE6E0B /* APICall.swift in Sources */ = {isa = PBXBuildFile; fileRef = 0143650A2AEA8A9900CE6E0B /* APICall.swift */; };
		014365142AEA8AAF00CE6E0B /* SettingsRowView.swift in Sources */ = {isa = PBXBuildFile; fileRef = 014365112AEA8AAF00CE6E0B /* SettingsRowView.swift */; };
		014365152AEA8AAF00CE6E0B /* ColorsExtensions.swift in Sources */ = {isa = PBXBuildFile; fileRef = 014365122AEA8AAF00CE6E0B /* ColorsExtensions.swift */; };
		014365162AEA8AAF00CE6E0B /* InputView.swift in Sources */ = {isa = PBXBuildFile; fileRef = 014365132AEA8AAF00CE6E0B /* InputView.swift */; };
		014365192AEA8AB600CE6E0B /* UserModel.swift in Sources */ = {isa = PBXBuildFile; fileRef = 014365182AEA8AB600CE6E0B /* UserModel.swift */; };
		014365212AEA90AC00CE6E0B /* LoginView.swift in Sources */ = {isa = PBXBuildFile; fileRef = 0143651B2AEA90AC00CE6E0B /* LoginView.swift */; };
		014365222AEA90AC00CE6E0B /* AuthenticationManager.swift in Sources */ = {isa = PBXBuildFile; fileRef = 0143651C2AEA90AC00CE6E0B /* AuthenticationManager.swift */; };
		014365232AEA90AC00CE6E0B /* CreateGardenOnboardingView.swift in Sources */ = {isa = PBXBuildFile; fileRef = 0143651D2AEA90AC00CE6E0B /* CreateGardenOnboardingView.swift */; };
		014365242AEA90AC00CE6E0B /* AddPlantOnboardingView.swift in Sources */ = {isa = PBXBuildFile; fileRef = 0143651E2AEA90AC00CE6E0B /* AddPlantOnboardingView.swift */; };
		014365252AEA90AC00CE6E0B /* SignUpView.swift in Sources */ = {isa = PBXBuildFile; fileRef = 0143651F2AEA90AC00CE6E0B /* SignUpView.swift */; };
		014365262AEA90AC00CE6E0B /* OnboardingView.swift in Sources */ = {isa = PBXBuildFile; fileRef = 014365202AEA90AC00CE6E0B /* OnboardingView.swift */; };
		0161828F2AE970D4003E01C4 /* GardeniaApp.swift in Sources */ = {isa = PBXBuildFile; fileRef = 0161828E2AE970D4003E01C4 /* GardeniaApp.swift */; };
		016182912AE970D4003E01C4 /* ContentView.swift in Sources */ = {isa = PBXBuildFile; fileRef = 016182902AE970D4003E01C4 /* ContentView.swift */; };
		016182932AE970D5003E01C4 /* Assets.xcassets in Resources */ = {isa = PBXBuildFile; fileRef = 016182922AE970D5003E01C4 /* Assets.xcassets */; };
		016182962AE970D5003E01C4 /* Preview Assets.xcassets in Resources */ = {isa = PBXBuildFile; fileRef = 016182952AE970D5003E01C4 /* Preview Assets.xcassets */; };
		0161829E2AE97191003E01C4 /* FirebaseAnalytics in Frameworks */ = {isa = PBXBuildFile; productRef = 0161829D2AE97191003E01C4 /* FirebaseAnalytics */; };
		016182A02AE97191003E01C4 /* FirebaseAnalyticsOnDeviceConversion in Frameworks */ = {isa = PBXBuildFile; productRef = 0161829F2AE97191003E01C4 /* FirebaseAnalyticsOnDeviceConversion */; };
		016182A22AE97191003E01C4 /* FirebaseAnalyticsSwift in Frameworks */ = {isa = PBXBuildFile; productRef = 016182A12AE97191003E01C4 /* FirebaseAnalyticsSwift */; };
		016182A42AE97191003E01C4 /* FirebaseAnalyticsWithoutAdIdSupport in Frameworks */ = {isa = PBXBuildFile; productRef = 016182A32AE97191003E01C4 /* FirebaseAnalyticsWithoutAdIdSupport */; };
		016182A62AE97191003E01C4 /* FirebaseAppCheck in Frameworks */ = {isa = PBXBuildFile; productRef = 016182A52AE97191003E01C4 /* FirebaseAppCheck */; };
		016182AA2AE97191003E01C4 /* FirebaseAuth in Frameworks */ = {isa = PBXBuildFile; productRef = 016182A92AE97191003E01C4 /* FirebaseAuth */; };
		016182AC2AE97191003E01C4 /* FirebaseAuthCombine-Community in Frameworks */ = {isa = PBXBuildFile; productRef = 016182AB2AE97191003E01C4 /* FirebaseAuthCombine-Community */; };
		016182AE2AE97191003E01C4 /* FirebaseCrashlytics in Frameworks */ = {isa = PBXBuildFile; productRef = 016182AD2AE97191003E01C4 /* FirebaseCrashlytics */; };
		016182B42AE97191003E01C4 /* FirebaseDynamicLinks in Frameworks */ = {isa = PBXBuildFile; productRef = 016182B32AE97191003E01C4 /* FirebaseDynamicLinks */; };
		016182B62AE97191003E01C4 /* FirebaseFirestore in Frameworks */ = {isa = PBXBuildFile; productRef = 016182B52AE97191003E01C4 /* FirebaseFirestore */; };
		016182B82AE97191003E01C4 /* FirebaseFirestoreCombine-Community in Frameworks */ = {isa = PBXBuildFile; productRef = 016182B72AE97191003E01C4 /* FirebaseFirestoreCombine-Community */; };
		016182BA2AE97191003E01C4 /* FirebaseFirestoreSwift in Frameworks */ = {isa = PBXBuildFile; productRef = 016182B92AE97191003E01C4 /* FirebaseFirestoreSwift */; };
		016182BC2AE97191003E01C4 /* FirebaseFunctions in Frameworks */ = {isa = PBXBuildFile; productRef = 016182BB2AE97191003E01C4 /* FirebaseFunctions */; };
		016182BE2AE97191003E01C4 /* FirebaseFunctionsCombine-Community in Frameworks */ = {isa = PBXBuildFile; productRef = 016182BD2AE97191003E01C4 /* FirebaseFunctionsCombine-Community */; };
		016182C42AE97191003E01C4 /* FirebaseInstallations in Frameworks */ = {isa = PBXBuildFile; productRef = 016182C32AE97191003E01C4 /* FirebaseInstallations */; };
		016182CA2AE97191003E01C4 /* FirebasePerformance in Frameworks */ = {isa = PBXBuildFile; productRef = 016182C92AE97191003E01C4 /* FirebasePerformance */; };
		016182CC2AE97191003E01C4 /* FirebaseRemoteConfig in Frameworks */ = {isa = PBXBuildFile; productRef = 016182CB2AE97191003E01C4 /* FirebaseRemoteConfig */; };
		016182CE2AE97191003E01C4 /* FirebaseRemoteConfigSwift in Frameworks */ = {isa = PBXBuildFile; productRef = 016182CD2AE97191003E01C4 /* FirebaseRemoteConfigSwift */; };
		016182D02AE97191003E01C4 /* FirebaseStorage in Frameworks */ = {isa = PBXBuildFile; productRef = 016182CF2AE97191003E01C4 /* FirebaseStorage */; };
		016182D22AE97191003E01C4 /* FirebaseStorageCombine-Community in Frameworks */ = {isa = PBXBuildFile; productRef = 016182D12AE97191003E01C4 /* FirebaseStorageCombine-Community */; };
		01C312A72AEC0BD40073FD87 /* GoogleService-Info.plist in Resources */ = {isa = PBXBuildFile; fileRef = 01C312A62AEC0BD40073FD87 /* GoogleService-Info.plist */; };
		01C312A92AEC3D060073FD87 /* GardenView.swift in Sources */ = {isa = PBXBuildFile; fileRef = 01C312A82AEC3D060073FD87 /* GardenView.swift */; };
/* End PBXBuildFile section */

/* Begin PBXFileReference section */
		013906A12AEBF17E00DDC21D /* GardenListViewModel.swift */ = {isa = PBXFileReference; lastKnownFileType = sourcecode.swift; path = GardenListViewModel.swift; sourceTree = "<group>"; };
		014364FE2AEA8A8A00CE6E0B /* ProfileView.swift */ = {isa = PBXFileReference; fileEncoding = 4; lastKnownFileType = sourcecode.swift; path = ProfileView.swift; sourceTree = "<group>"; };
		014364FF2AEA8A8A00CE6E0B /* RootView.swift */ = {isa = PBXFileReference; fileEncoding = 4; lastKnownFileType = sourcecode.swift; path = RootView.swift; sourceTree = "<group>"; };
		014365002AEA8A8A00CE6E0B /* GardenListView.swift */ = {isa = PBXFileReference; fileEncoding = 4; lastKnownFileType = sourcecode.swift; path = GardenListView.swift; sourceTree = "<group>"; };
		014365052AEA8A9900CE6E0B /* CreateGardenOnboardingViewModel.swift */ = {isa = PBXFileReference; fileEncoding = 4; lastKnownFileType = sourcecode.swift; path = CreateGardenOnboardingViewModel.swift; sourceTree = "<group>"; };
		014365062AEA8A9900CE6E0B /* LoginViewModel.swift */ = {isa = PBXFileReference; fileEncoding = 4; lastKnownFileType = sourcecode.swift; path = LoginViewModel.swift; sourceTree = "<group>"; };
		014365072AEA8A9900CE6E0B /* SignUpViewModel.swift */ = {isa = PBXFileReference; fileEncoding = 4; lastKnownFileType = sourcecode.swift; path = SignUpViewModel.swift; sourceTree = "<group>"; };
		014365082AEA8A9900CE6E0B /* AddPlantOnboardingViewModel.swift */ = {isa = PBXFileReference; fileEncoding = 4; lastKnownFileType = sourcecode.swift; path = AddPlantOnboardingViewModel.swift; sourceTree = "<group>"; };
		0143650A2AEA8A9900CE6E0B /* APICall.swift */ = {isa = PBXFileReference; fileEncoding = 4; lastKnownFileType = sourcecode.swift; path = APICall.swift; sourceTree = "<group>"; };
		014365112AEA8AAF00CE6E0B /* SettingsRowView.swift */ = {isa = PBXFileReference; fileEncoding = 4; lastKnownFileType = sourcecode.swift; path = SettingsRowView.swift; sourceTree = "<group>"; };
		014365122AEA8AAF00CE6E0B /* ColorsExtensions.swift */ = {isa = PBXFileReference; fileEncoding = 4; lastKnownFileType = sourcecode.swift; path = ColorsExtensions.swift; sourceTree = "<group>"; };
		014365132AEA8AAF00CE6E0B /* InputView.swift */ = {isa = PBXFileReference; fileEncoding = 4; lastKnownFileType = sourcecode.swift; path = InputView.swift; sourceTree = "<group>"; };
		014365182AEA8AB600CE6E0B /* UserModel.swift */ = {isa = PBXFileReference; fileEncoding = 4; lastKnownFileType = sourcecode.swift; path = UserModel.swift; sourceTree = "<group>"; };
		0143651B2AEA90AC00CE6E0B /* LoginView.swift */ = {isa = PBXFileReference; fileEncoding = 4; lastKnownFileType = sourcecode.swift; path = LoginView.swift; sourceTree = "<group>"; };
		0143651C2AEA90AC00CE6E0B /* AuthenticationManager.swift */ = {isa = PBXFileReference; fileEncoding = 4; lastKnownFileType = sourcecode.swift; path = AuthenticationManager.swift; sourceTree = "<group>"; };
		0143651D2AEA90AC00CE6E0B /* CreateGardenOnboardingView.swift */ = {isa = PBXFileReference; fileEncoding = 4; lastKnownFileType = sourcecode.swift; path = CreateGardenOnboardingView.swift; sourceTree = "<group>"; };
		0143651E2AEA90AC00CE6E0B /* AddPlantOnboardingView.swift */ = {isa = PBXFileReference; fileEncoding = 4; lastKnownFileType = sourcecode.swift; path = AddPlantOnboardingView.swift; sourceTree = "<group>"; };
		0143651F2AEA90AC00CE6E0B /* SignUpView.swift */ = {isa = PBXFileReference; fileEncoding = 4; lastKnownFileType = sourcecode.swift; path = SignUpView.swift; sourceTree = "<group>"; };
		014365202AEA90AC00CE6E0B /* OnboardingView.swift */ = {isa = PBXFileReference; fileEncoding = 4; lastKnownFileType = sourcecode.swift; path = OnboardingView.swift; sourceTree = "<group>"; };
		0161828B2AE970D4003E01C4 /* Gardenia.app */ = {isa = PBXFileReference; explicitFileType = wrapper.application; includeInIndex = 0; path = Gardenia.app; sourceTree = BUILT_PRODUCTS_DIR; };
		0161828E2AE970D4003E01C4 /* GardeniaApp.swift */ = {isa = PBXFileReference; lastKnownFileType = sourcecode.swift; path = GardeniaApp.swift; sourceTree = "<group>"; };
		016182902AE970D4003E01C4 /* ContentView.swift */ = {isa = PBXFileReference; lastKnownFileType = sourcecode.swift; path = ContentView.swift; sourceTree = "<group>"; };
		016182922AE970D5003E01C4 /* Assets.xcassets */ = {isa = PBXFileReference; lastKnownFileType = folder.assetcatalog; path = Assets.xcassets; sourceTree = "<group>"; };
		016182952AE970D5003E01C4 /* Preview Assets.xcassets */ = {isa = PBXFileReference; lastKnownFileType = folder.assetcatalog; path = "Preview Assets.xcassets"; sourceTree = "<group>"; };
		01C312A62AEC0BD40073FD87 /* GoogleService-Info.plist */ = {isa = PBXFileReference; fileEncoding = 4; lastKnownFileType = text.plist.xml; path = "GoogleService-Info.plist"; sourceTree = "<group>"; };
		01C312A82AEC3D060073FD87 /* GardenView.swift */ = {isa = PBXFileReference; lastKnownFileType = sourcecode.swift; path = GardenView.swift; sourceTree = "<group>"; };
/* End PBXFileReference section */

/* Begin PBXFrameworksBuildPhase section */
		016182882AE970D4003E01C4 /* Frameworks */ = {
			isa = PBXFrameworksBuildPhase;
			buildActionMask = 2147483647;
			files = (
				016182BE2AE97191003E01C4 /* FirebaseFunctionsCombine-Community in Frameworks */,
				016182B62AE97191003E01C4 /* FirebaseFirestore in Frameworks */,
				016182A22AE97191003E01C4 /* FirebaseAnalyticsSwift in Frameworks */,
				0161829E2AE97191003E01C4 /* FirebaseAnalytics in Frameworks */,
				016182A02AE97191003E01C4 /* FirebaseAnalyticsOnDeviceConversion in Frameworks */,
				016182BA2AE97191003E01C4 /* FirebaseFirestoreSwift in Frameworks */,
				016182A62AE97191003E01C4 /* FirebaseAppCheck in Frameworks */,
				016182A42AE97191003E01C4 /* FirebaseAnalyticsWithoutAdIdSupport in Frameworks */,
				016182AA2AE97191003E01C4 /* FirebaseAuth in Frameworks */,
				016182AE2AE97191003E01C4 /* FirebaseCrashlytics in Frameworks */,
				016182CE2AE97191003E01C4 /* FirebaseRemoteConfigSwift in Frameworks */,
				016182BC2AE97191003E01C4 /* FirebaseFunctions in Frameworks */,
				016182D22AE97191003E01C4 /* FirebaseStorageCombine-Community in Frameworks */,
				016182CC2AE97191003E01C4 /* FirebaseRemoteConfig in Frameworks */,
				016182AC2AE97191003E01C4 /* FirebaseAuthCombine-Community in Frameworks */,
				016182CA2AE97191003E01C4 /* FirebasePerformance in Frameworks */,
				016182D02AE97191003E01C4 /* FirebaseStorage in Frameworks */,
				016182B42AE97191003E01C4 /* FirebaseDynamicLinks in Frameworks */,
				016182B82AE97191003E01C4 /* FirebaseFirestoreCombine-Community in Frameworks */,
				016182C42AE97191003E01C4 /* FirebaseInstallations in Frameworks */,
			);
			runOnlyForDeploymentPostprocessing = 0;
		};
/* End PBXFrameworksBuildPhase section */

/* Begin PBXGroup section */
		014364FD2AEA8A7B00CE6E0B /* Views */ = {
			isa = PBXGroup;
			children = (
				014365002AEA8A8A00CE6E0B /* GardenListView.swift */,
				014364FE2AEA8A8A00CE6E0B /* ProfileView.swift */,
				014364FF2AEA8A8A00CE6E0B /* RootView.swift */,
				01C312A82AEC3D060073FD87 /* GardenView.swift */,
			);
			path = Views;
			sourceTree = "<group>";
		};
		014365042AEA8A9900CE6E0B /* ViewModels */ = {
			isa = PBXGroup;
			children = (
				014365052AEA8A9900CE6E0B /* CreateGardenOnboardingViewModel.swift */,
				014365062AEA8A9900CE6E0B /* LoginViewModel.swift */,
				014365072AEA8A9900CE6E0B /* SignUpViewModel.swift */,
				014365082AEA8A9900CE6E0B /* AddPlantOnboardingViewModel.swift */,
				013906A12AEBF17E00DDC21D /* GardenListViewModel.swift */,
			);
			path = ViewModels;
			sourceTree = "<group>";
		};
		014365092AEA8A9900CE6E0B /* Services */ = {
			isa = PBXGroup;
			children = (
				0143650A2AEA8A9900CE6E0B /* APICall.swift */,
			);
			path = Services;
			sourceTree = "<group>";
		};
		014365102AEA8AAF00CE6E0B /* Extensions */ = {
			isa = PBXGroup;
			children = (
				014365112AEA8AAF00CE6E0B /* SettingsRowView.swift */,
				014365122AEA8AAF00CE6E0B /* ColorsExtensions.swift */,
				014365132AEA8AAF00CE6E0B /* InputView.swift */,
			);
			path = Extensions;
			sourceTree = "<group>";
		};
		014365172AEA8AB600CE6E0B /* Model */ = {
			isa = PBXGroup;
			children = (
				014365182AEA8AB600CE6E0B /* UserModel.swift */,
			);
			path = Model;
			sourceTree = "<group>";
		};
		0143651A2AEA90AB00CE6E0B /* Authentication */ = {
			isa = PBXGroup;
			children = (
				0143651B2AEA90AC00CE6E0B /* LoginView.swift */,
				0143651C2AEA90AC00CE6E0B /* AuthenticationManager.swift */,
				0143651D2AEA90AC00CE6E0B /* CreateGardenOnboardingView.swift */,
				0143651E2AEA90AC00CE6E0B /* AddPlantOnboardingView.swift */,
				0143651F2AEA90AC00CE6E0B /* SignUpView.swift */,
				014365202AEA90AC00CE6E0B /* OnboardingView.swift */,
			);
			path = Authentication;
			sourceTree = "<group>";
		};
		016182822AE970D4003E01C4 = {
			isa = PBXGroup;
			children = (
				0161828D2AE970D4003E01C4 /* Gardenia */,
				0161828C2AE970D4003E01C4 /* Products */,
			);
			sourceTree = "<group>";
		};
		0161828C2AE970D4003E01C4 /* Products */ = {
			isa = PBXGroup;
			children = (
				0161828B2AE970D4003E01C4 /* Gardenia.app */,
			);
			name = Products;
			sourceTree = "<group>";
		};
		0161828D2AE970D4003E01C4 /* Gardenia */ = {
			isa = PBXGroup;
			children = (
				0143651A2AEA90AB00CE6E0B /* Authentication */,
				014365172AEA8AB600CE6E0B /* Model */,
				014365102AEA8AAF00CE6E0B /* Extensions */,
				014365092AEA8A9900CE6E0B /* Services */,
				014365042AEA8A9900CE6E0B /* ViewModels */,
				014364FD2AEA8A7B00CE6E0B /* Views */,
				0161828E2AE970D4003E01C4 /* GardeniaApp.swift */,
				01C312A62AEC0BD40073FD87 /* GoogleService-Info.plist */,
				016182902AE970D4003E01C4 /* ContentView.swift */,
				016182922AE970D5003E01C4 /* Assets.xcassets */,
				016182942AE970D5003E01C4 /* Preview Content */,
			);
			path = Gardenia;
			sourceTree = "<group>";
		};
		016182942AE970D5003E01C4 /* Preview Content */ = {
			isa = PBXGroup;
			children = (
				016182952AE970D5003E01C4 /* Preview Assets.xcassets */,
			);
			path = "Preview Content";
			sourceTree = "<group>";
		};
/* End PBXGroup section */

/* Begin PBXNativeTarget section */
		0161828A2AE970D4003E01C4 /* Gardenia */ = {
			isa = PBXNativeTarget;
			buildConfigurationList = 016182992AE970D5003E01C4 /* Build configuration list for PBXNativeTarget "Gardenia" */;
			buildPhases = (
				016182872AE970D4003E01C4 /* Sources */,
				016182882AE970D4003E01C4 /* Frameworks */,
				016182892AE970D4003E01C4 /* Resources */,
			);
			buildRules = (
			);
			dependencies = (
			);
			name = Gardenia;
			packageProductDependencies = (
				0161829D2AE97191003E01C4 /* FirebaseAnalytics */,
				0161829F2AE97191003E01C4 /* FirebaseAnalyticsOnDeviceConversion */,
				016182A12AE97191003E01C4 /* FirebaseAnalyticsSwift */,
				016182A32AE97191003E01C4 /* FirebaseAnalyticsWithoutAdIdSupport */,
				016182A52AE97191003E01C4 /* FirebaseAppCheck */,
				016182A92AE97191003E01C4 /* FirebaseAuth */,
				016182AB2AE97191003E01C4 /* FirebaseAuthCombine-Community */,
				016182AD2AE97191003E01C4 /* FirebaseCrashlytics */,
				016182B32AE97191003E01C4 /* FirebaseDynamicLinks */,
				016182B52AE97191003E01C4 /* FirebaseFirestore */,
				016182B72AE97191003E01C4 /* FirebaseFirestoreCombine-Community */,
				016182B92AE97191003E01C4 /* FirebaseFirestoreSwift */,
				016182BB2AE97191003E01C4 /* FirebaseFunctions */,
				016182BD2AE97191003E01C4 /* FirebaseFunctionsCombine-Community */,
				016182C32AE97191003E01C4 /* FirebaseInstallations */,
				016182C92AE97191003E01C4 /* FirebasePerformance */,
				016182CB2AE97191003E01C4 /* FirebaseRemoteConfig */,
				016182CD2AE97191003E01C4 /* FirebaseRemoteConfigSwift */,
				016182CF2AE97191003E01C4 /* FirebaseStorage */,
				016182D12AE97191003E01C4 /* FirebaseStorageCombine-Community */,
			);
			productName = Gardenia;
			productReference = 0161828B2AE970D4003E01C4 /* Gardenia.app */;
			productType = "com.apple.product-type.application";
		};
/* End PBXNativeTarget section */

/* Begin PBXProject section */
		016182832AE970D4003E01C4 /* Project object */ = {
			isa = PBXProject;
			attributes = {
				BuildIndependentTargetsInParallel = 1;
				LastSwiftUpdateCheck = 1500;
				LastUpgradeCheck = 1500;
				TargetAttributes = {
					0161828A2AE970D4003E01C4 = {
						CreatedOnToolsVersion = 15.0.1;
					};
				};
			};
			buildConfigurationList = 016182862AE970D4003E01C4 /* Build configuration list for PBXProject "Gardenia" */;
			compatibilityVersion = "Xcode 14.0";
			developmentRegion = en;
			hasScannedForEncodings = 0;
			knownRegions = (
				en,
				Base,
			);
			mainGroup = 016182822AE970D4003E01C4;
			packageReferences = (
				0161829C2AE97191003E01C4 /* XCRemoteSwiftPackageReference "firebase-ios-sdk" */,
			);
			productRefGroup = 0161828C2AE970D4003E01C4 /* Products */;
			projectDirPath = "";
			projectRoot = "";
			targets = (
				0161828A2AE970D4003E01C4 /* Gardenia */,
			);
		};
/* End PBXProject section */

/* Begin PBXResourcesBuildPhase section */
		016182892AE970D4003E01C4 /* Resources */ = {
			isa = PBXResourcesBuildPhase;
			buildActionMask = 2147483647;
			files = (
				016182962AE970D5003E01C4 /* Preview Assets.xcassets in Resources */,
				016182932AE970D5003E01C4 /* Assets.xcassets in Resources */,
				01C312A72AEC0BD40073FD87 /* GoogleService-Info.plist in Resources */,
			);
			runOnlyForDeploymentPostprocessing = 0;
		};
/* End PBXResourcesBuildPhase section */

/* Begin PBXSourcesBuildPhase section */
		016182872AE970D4003E01C4 /* Sources */ = {
			isa = PBXSourcesBuildPhase;
			buildActionMask = 2147483647;
			files = (
				014365232AEA90AC00CE6E0B /* CreateGardenOnboardingView.swift in Sources */,
				014365162AEA8AAF00CE6E0B /* InputView.swift in Sources */,
				014365222AEA90AC00CE6E0B /* AuthenticationManager.swift in Sources */,
				0143650B2AEA8A9900CE6E0B /* CreateGardenOnboardingViewModel.swift in Sources */,
				0143650E2AEA8A9900CE6E0B /* AddPlantOnboardingViewModel.swift in Sources */,
				014365252AEA90AC00CE6E0B /* SignUpView.swift in Sources */,
				014365212AEA90AC00CE6E0B /* LoginView.swift in Sources */,
				0143650F2AEA8A9900CE6E0B /* APICall.swift in Sources */,
				014365022AEA8A8A00CE6E0B /* RootView.swift in Sources */,
				0143650D2AEA8A9900CE6E0B /* SignUpViewModel.swift in Sources */,
				016182912AE970D4003E01C4 /* ContentView.swift in Sources */,
				014365012AEA8A8A00CE6E0B /* ProfileView.swift in Sources */,
				014365242AEA90AC00CE6E0B /* AddPlantOnboardingView.swift in Sources */,
				014365262AEA90AC00CE6E0B /* OnboardingView.swift in Sources */,
				014365192AEA8AB600CE6E0B /* UserModel.swift in Sources */,
				014365142AEA8AAF00CE6E0B /* SettingsRowView.swift in Sources */,
				014365032AEA8A8A00CE6E0B /* GardenListView.swift in Sources */,
				0161828F2AE970D4003E01C4 /* GardeniaApp.swift in Sources */,
				013906A22AEBF17E00DDC21D /* GardenListViewModel.swift in Sources */,
				01C312A92AEC3D060073FD87 /* GardenView.swift in Sources */,
				0143650C2AEA8A9900CE6E0B /* LoginViewModel.swift in Sources */,
				014365152AEA8AAF00CE6E0B /* ColorsExtensions.swift in Sources */,
			);
			runOnlyForDeploymentPostprocessing = 0;
		};
/* End PBXSourcesBuildPhase section */

/* Begin XCBuildConfiguration section */
		016182972AE970D5003E01C4 /* Debug */ = {
			isa = XCBuildConfiguration;
			buildSettings = {
				ALWAYS_SEARCH_USER_PATHS = NO;
				ASSETCATALOG_COMPILER_GENERATE_SWIFT_ASSET_SYMBOL_EXTENSIONS = YES;
				CLANG_ANALYZER_NONNULL = YES;
				CLANG_ANALYZER_NUMBER_OBJECT_CONVERSION = YES_AGGRESSIVE;
				CLANG_CXX_LANGUAGE_STANDARD = "gnu++20";
				CLANG_ENABLE_MODULES = YES;
				CLANG_ENABLE_OBJC_ARC = YES;
				CLANG_ENABLE_OBJC_WEAK = YES;
				CLANG_WARN_BLOCK_CAPTURE_AUTORELEASING = YES;
				CLANG_WARN_BOOL_CONVERSION = YES;
				CLANG_WARN_COMMA = YES;
				CLANG_WARN_CONSTANT_CONVERSION = YES;
				CLANG_WARN_DEPRECATED_OBJC_IMPLEMENTATIONS = YES;
				CLANG_WARN_DIRECT_OBJC_ISA_USAGE = YES_ERROR;
				CLANG_WARN_DOCUMENTATION_COMMENTS = YES;
				CLANG_WARN_EMPTY_BODY = YES;
				CLANG_WARN_ENUM_CONVERSION = YES;
				CLANG_WARN_INFINITE_RECURSION = YES;
				CLANG_WARN_INT_CONVERSION = YES;
				CLANG_WARN_NON_LITERAL_NULL_CONVERSION = YES;
				CLANG_WARN_OBJC_IMPLICIT_RETAIN_SELF = YES;
				CLANG_WARN_OBJC_LITERAL_CONVERSION = YES;
				CLANG_WARN_OBJC_ROOT_CLASS = YES_ERROR;
				CLANG_WARN_QUOTED_INCLUDE_IN_FRAMEWORK_HEADER = YES;
				CLANG_WARN_RANGE_LOOP_ANALYSIS = YES;
				CLANG_WARN_STRICT_PROTOTYPES = YES;
				CLANG_WARN_SUSPICIOUS_MOVE = YES;
				CLANG_WARN_UNGUARDED_AVAILABILITY = YES_AGGRESSIVE;
				CLANG_WARN_UNREACHABLE_CODE = YES;
				CLANG_WARN__DUPLICATE_METHOD_MATCH = YES;
				COPY_PHASE_STRIP = NO;
				DEBUG_INFORMATION_FORMAT = dwarf;
				ENABLE_STRICT_OBJC_MSGSEND = YES;
				ENABLE_TESTABILITY = YES;
				ENABLE_USER_SCRIPT_SANDBOXING = YES;
				GCC_C_LANGUAGE_STANDARD = gnu17;
				GCC_DYNAMIC_NO_PIC = NO;
				GCC_NO_COMMON_BLOCKS = YES;
				GCC_OPTIMIZATION_LEVEL = 0;
				GCC_PREPROCESSOR_DEFINITIONS = (
					"DEBUG=1",
					"$(inherited)",
				);
				GCC_WARN_64_TO_32_BIT_CONVERSION = YES;
				GCC_WARN_ABOUT_RETURN_TYPE = YES_ERROR;
				GCC_WARN_UNDECLARED_SELECTOR = YES;
				GCC_WARN_UNINITIALIZED_AUTOS = YES_AGGRESSIVE;
				GCC_WARN_UNUSED_FUNCTION = YES;
				GCC_WARN_UNUSED_VARIABLE = YES;
				IPHONEOS_DEPLOYMENT_TARGET = 17.0;
				LOCALIZATION_PREFERS_STRING_CATALOGS = YES;
				MTL_ENABLE_DEBUG_INFO = INCLUDE_SOURCE;
				MTL_FAST_MATH = YES;
				ONLY_ACTIVE_ARCH = YES;
				SDKROOT = iphoneos;
				SWIFT_ACTIVE_COMPILATION_CONDITIONS = "DEBUG $(inherited)";
				SWIFT_OPTIMIZATION_LEVEL = "-Onone";
			};
			name = Debug;
		};
		016182982AE970D5003E01C4 /* Release */ = {
			isa = XCBuildConfiguration;
			buildSettings = {
				ALWAYS_SEARCH_USER_PATHS = NO;
				ASSETCATALOG_COMPILER_GENERATE_SWIFT_ASSET_SYMBOL_EXTENSIONS = YES;
				CLANG_ANALYZER_NONNULL = YES;
				CLANG_ANALYZER_NUMBER_OBJECT_CONVERSION = YES_AGGRESSIVE;
				CLANG_CXX_LANGUAGE_STANDARD = "gnu++20";
				CLANG_ENABLE_MODULES = YES;
				CLANG_ENABLE_OBJC_ARC = YES;
				CLANG_ENABLE_OBJC_WEAK = YES;
				CLANG_WARN_BLOCK_CAPTURE_AUTORELEASING = YES;
				CLANG_WARN_BOOL_CONVERSION = YES;
				CLANG_WARN_COMMA = YES;
				CLANG_WARN_CONSTANT_CONVERSION = YES;
				CLANG_WARN_DEPRECATED_OBJC_IMPLEMENTATIONS = YES;
				CLANG_WARN_DIRECT_OBJC_ISA_USAGE = YES_ERROR;
				CLANG_WARN_DOCUMENTATION_COMMENTS = YES;
				CLANG_WARN_EMPTY_BODY = YES;
				CLANG_WARN_ENUM_CONVERSION = YES;
				CLANG_WARN_INFINITE_RECURSION = YES;
				CLANG_WARN_INT_CONVERSION = YES;
				CLANG_WARN_NON_LITERAL_NULL_CONVERSION = YES;
				CLANG_WARN_OBJC_IMPLICIT_RETAIN_SELF = YES;
				CLANG_WARN_OBJC_LITERAL_CONVERSION = YES;
				CLANG_WARN_OBJC_ROOT_CLASS = YES_ERROR;
				CLANG_WARN_QUOTED_INCLUDE_IN_FRAMEWORK_HEADER = YES;
				CLANG_WARN_RANGE_LOOP_ANALYSIS = YES;
				CLANG_WARN_STRICT_PROTOTYPES = YES;
				CLANG_WARN_SUSPICIOUS_MOVE = YES;
				CLANG_WARN_UNGUARDED_AVAILABILITY = YES_AGGRESSIVE;
				CLANG_WARN_UNREACHABLE_CODE = YES;
				CLANG_WARN__DUPLICATE_METHOD_MATCH = YES;
				COPY_PHASE_STRIP = NO;
				DEBUG_INFORMATION_FORMAT = "dwarf-with-dsym";
				ENABLE_NS_ASSERTIONS = NO;
				ENABLE_STRICT_OBJC_MSGSEND = YES;
				ENABLE_USER_SCRIPT_SANDBOXING = YES;
				GCC_C_LANGUAGE_STANDARD = gnu17;
				GCC_NO_COMMON_BLOCKS = YES;
				GCC_WARN_64_TO_32_BIT_CONVERSION = YES;
				GCC_WARN_ABOUT_RETURN_TYPE = YES_ERROR;
				GCC_WARN_UNDECLARED_SELECTOR = YES;
				GCC_WARN_UNINITIALIZED_AUTOS = YES_AGGRESSIVE;
				GCC_WARN_UNUSED_FUNCTION = YES;
				GCC_WARN_UNUSED_VARIABLE = YES;
				IPHONEOS_DEPLOYMENT_TARGET = 17.0;
				LOCALIZATION_PREFERS_STRING_CATALOGS = YES;
				MTL_ENABLE_DEBUG_INFO = NO;
				MTL_FAST_MATH = YES;
				SDKROOT = iphoneos;
				SWIFT_COMPILATION_MODE = wholemodule;
				VALIDATE_PRODUCT = YES;
			};
			name = Release;
		};
		0161829A2AE970D5003E01C4 /* Debug */ = {
			isa = XCBuildConfiguration;
			buildSettings = {
				ASSETCATALOG_COMPILER_APPICON_NAME = AppIcon;
				ASSETCATALOG_COMPILER_GLOBAL_ACCENT_COLOR_NAME = AccentColor;
				CODE_SIGN_STYLE = Automatic;
				CURRENT_PROJECT_VERSION = 1;
				DEVELOPMENT_ASSET_PATHS = "\"Gardenia/Preview Content\"";
				DEVELOPMENT_TEAM = V975Z3G3HV;
				ENABLE_PREVIEWS = YES;
				GENERATE_INFOPLIST_FILE = YES;
				INFOPLIST_KEY_UIApplicationSceneManifest_Generation = YES;
				INFOPLIST_KEY_UIApplicationSupportsIndirectInputEvents = YES;
				INFOPLIST_KEY_UILaunchScreen_Generation = YES;
				INFOPLIST_KEY_UISupportedInterfaceOrientations_iPad = "UIInterfaceOrientationPortrait UIInterfaceOrientationPortraitUpsideDown UIInterfaceOrientationLandscapeLeft UIInterfaceOrientationLandscapeRight";
				INFOPLIST_KEY_UISupportedInterfaceOrientations_iPhone = "UIInterfaceOrientationPortrait UIInterfaceOrientationLandscapeLeft UIInterfaceOrientationLandscapeRight";
				IPHONEOS_DEPLOYMENT_TARGET = 15.0;
				LD_RUNPATH_SEARCH_PATHS = (
					"$(inherited)",
					"@executable_path/Frameworks",
				);
				MARKETING_VERSION = 1.0;
				PRODUCT_BUNDLE_IDENTIFIER = dnn.Gardenia;
				PRODUCT_NAME = "$(TARGET_NAME)";
				SUPPORTED_PLATFORMS = "iphoneos iphonesimulator";
				SUPPORTS_MACCATALYST = NO;
				SUPPORTS_MAC_DESIGNED_FOR_IPHONE_IPAD = NO;
				SWIFT_EMIT_LOC_STRINGS = YES;
				SWIFT_VERSION = 5.0;
				TARGETED_DEVICE_FAMILY = "1,2";
			};
			name = Debug;
		};
		0161829B2AE970D5003E01C4 /* Release */ = {
			isa = XCBuildConfiguration;
			buildSettings = {
				ASSETCATALOG_COMPILER_APPICON_NAME = AppIcon;
				ASSETCATALOG_COMPILER_GLOBAL_ACCENT_COLOR_NAME = AccentColor;
				CODE_SIGN_STYLE = Automatic;
				CURRENT_PROJECT_VERSION = 1;
				DEVELOPMENT_ASSET_PATHS = "\"Gardenia/Preview Content\"";
				DEVELOPMENT_TEAM = V975Z3G3HV;
				ENABLE_PREVIEWS = YES;
				GENERATE_INFOPLIST_FILE = YES;
				INFOPLIST_KEY_UIApplicationSceneManifest_Generation = YES;
				INFOPLIST_KEY_UIApplicationSupportsIndirectInputEvents = YES;
				INFOPLIST_KEY_UILaunchScreen_Generation = YES;
				INFOPLIST_KEY_UISupportedInterfaceOrientations_iPad = "UIInterfaceOrientationPortrait UIInterfaceOrientationPortraitUpsideDown UIInterfaceOrientationLandscapeLeft UIInterfaceOrientationLandscapeRight";
				INFOPLIST_KEY_UISupportedInterfaceOrientations_iPhone = "UIInterfaceOrientationPortrait UIInterfaceOrientationLandscapeLeft UIInterfaceOrientationLandscapeRight";
				IPHONEOS_DEPLOYMENT_TARGET = 15.0;
				LD_RUNPATH_SEARCH_PATHS = (
					"$(inherited)",
					"@executable_path/Frameworks",
				);
				MARKETING_VERSION = 1.0;
				PRODUCT_BUNDLE_IDENTIFIER = dnn.Gardenia;
				PRODUCT_NAME = "$(TARGET_NAME)";
				SUPPORTED_PLATFORMS = "iphoneos iphonesimulator";
				SUPPORTS_MACCATALYST = NO;
				SUPPORTS_MAC_DESIGNED_FOR_IPHONE_IPAD = NO;
				SWIFT_EMIT_LOC_STRINGS = YES;
				SWIFT_VERSION = 5.0;
				TARGETED_DEVICE_FAMILY = "1,2";
			};
			name = Release;
		};
/* End XCBuildConfiguration section */

/* Begin XCConfigurationList section */
		016182862AE970D4003E01C4 /* Build configuration list for PBXProject "Gardenia" */ = {
			isa = XCConfigurationList;
			buildConfigurations = (
				016182972AE970D5003E01C4 /* Debug */,
				016182982AE970D5003E01C4 /* Release */,
			);
			defaultConfigurationIsVisible = 0;
			defaultConfigurationName = Release;
		};
		016182992AE970D5003E01C4 /* Build configuration list for PBXNativeTarget "Gardenia" */ = {
			isa = XCConfigurationList;
			buildConfigurations = (
				0161829A2AE970D5003E01C4 /* Debug */,
				0161829B2AE970D5003E01C4 /* Release */,
			);
			defaultConfigurationIsVisible = 0;
			defaultConfigurationName = Release;
		};
/* End XCConfigurationList section */

/* Begin XCRemoteSwiftPackageReference section */
		0161829C2AE97191003E01C4 /* XCRemoteSwiftPackageReference "firebase-ios-sdk" */ = {
			isa = XCRemoteSwiftPackageReference;
			repositoryURL = "https://github.com/firebase/firebase-ios-sdk";
			requirement = {
				kind = upToNextMajorVersion;
				minimumVersion = 10.16.0;
			};
		};
/* End XCRemoteSwiftPackageReference section */

/* Begin XCSwiftPackageProductDependency section */
		0161829D2AE97191003E01C4 /* FirebaseAnalytics */ = {
			isa = XCSwiftPackageProductDependency;
			package = 0161829C2AE97191003E01C4 /* XCRemoteSwiftPackageReference "firebase-ios-sdk" */;
			productName = FirebaseAnalytics;
		};
		0161829F2AE97191003E01C4 /* FirebaseAnalyticsOnDeviceConversion */ = {
			isa = XCSwiftPackageProductDependency;
			package = 0161829C2AE97191003E01C4 /* XCRemoteSwiftPackageReference "firebase-ios-sdk" */;
			productName = FirebaseAnalyticsOnDeviceConversion;
		};
		016182A12AE97191003E01C4 /* FirebaseAnalyticsSwift */ = {
			isa = XCSwiftPackageProductDependency;
			package = 0161829C2AE97191003E01C4 /* XCRemoteSwiftPackageReference "firebase-ios-sdk" */;
			productName = FirebaseAnalyticsSwift;
		};
		016182A32AE97191003E01C4 /* FirebaseAnalyticsWithoutAdIdSupport */ = {
			isa = XCSwiftPackageProductDependency;
			package = 0161829C2AE97191003E01C4 /* XCRemoteSwiftPackageReference "firebase-ios-sdk" */;
			productName = FirebaseAnalyticsWithoutAdIdSupport;
		};
		016182A52AE97191003E01C4 /* FirebaseAppCheck */ = {
			isa = XCSwiftPackageProductDependency;
			package = 0161829C2AE97191003E01C4 /* XCRemoteSwiftPackageReference "firebase-ios-sdk" */;
			productName = FirebaseAppCheck;
		};
		016182A92AE97191003E01C4 /* FirebaseAuth */ = {
			isa = XCSwiftPackageProductDependency;
			package = 0161829C2AE97191003E01C4 /* XCRemoteSwiftPackageReference "firebase-ios-sdk" */;
			productName = FirebaseAuth;
		};
		016182AB2AE97191003E01C4 /* FirebaseAuthCombine-Community */ = {
			isa = XCSwiftPackageProductDependency;
			package = 0161829C2AE97191003E01C4 /* XCRemoteSwiftPackageReference "firebase-ios-sdk" */;
			productName = "FirebaseAuthCombine-Community";
		};
		016182AD2AE97191003E01C4 /* FirebaseCrashlytics */ = {
			isa = XCSwiftPackageProductDependency;
			package = 0161829C2AE97191003E01C4 /* XCRemoteSwiftPackageReference "firebase-ios-sdk" */;
			productName = FirebaseCrashlytics;
		};
		016182B32AE97191003E01C4 /* FirebaseDynamicLinks */ = {
			isa = XCSwiftPackageProductDependency;
			package = 0161829C2AE97191003E01C4 /* XCRemoteSwiftPackageReference "firebase-ios-sdk" */;
			productName = FirebaseDynamicLinks;
		};
		016182B52AE97191003E01C4 /* FirebaseFirestore */ = {
			isa = XCSwiftPackageProductDependency;
			package = 0161829C2AE97191003E01C4 /* XCRemoteSwiftPackageReference "firebase-ios-sdk" */;
			productName = FirebaseFirestore;
		};
		016182B72AE97191003E01C4 /* FirebaseFirestoreCombine-Community */ = {
			isa = XCSwiftPackageProductDependency;
			package = 0161829C2AE97191003E01C4 /* XCRemoteSwiftPackageReference "firebase-ios-sdk" */;
			productName = "FirebaseFirestoreCombine-Community";
		};
		016182B92AE97191003E01C4 /* FirebaseFirestoreSwift */ = {
			isa = XCSwiftPackageProductDependency;
			package = 0161829C2AE97191003E01C4 /* XCRemoteSwiftPackageReference "firebase-ios-sdk" */;
			productName = FirebaseFirestoreSwift;
		};
		016182BB2AE97191003E01C4 /* FirebaseFunctions */ = {
			isa = XCSwiftPackageProductDependency;
			package = 0161829C2AE97191003E01C4 /* XCRemoteSwiftPackageReference "firebase-ios-sdk" */;
			productName = FirebaseFunctions;
		};
		016182BD2AE97191003E01C4 /* FirebaseFunctionsCombine-Community */ = {
			isa = XCSwiftPackageProductDependency;
			package = 0161829C2AE97191003E01C4 /* XCRemoteSwiftPackageReference "firebase-ios-sdk" */;
			productName = "FirebaseFunctionsCombine-Community";
		};
		016182C32AE97191003E01C4 /* FirebaseInstallations */ = {
			isa = XCSwiftPackageProductDependency;
			package = 0161829C2AE97191003E01C4 /* XCRemoteSwiftPackageReference "firebase-ios-sdk" */;
			productName = FirebaseInstallations;
		};
		016182C92AE97191003E01C4 /* FirebasePerformance */ = {
			isa = XCSwiftPackageProductDependency;
			package = 0161829C2AE97191003E01C4 /* XCRemoteSwiftPackageReference "firebase-ios-sdk" */;
			productName = FirebasePerformance;
		};
		016182CB2AE97191003E01C4 /* FirebaseRemoteConfig */ = {
			isa = XCSwiftPackageProductDependency;
			package = 0161829C2AE97191003E01C4 /* XCRemoteSwiftPackageReference "firebase-ios-sdk" */;
			productName = FirebaseRemoteConfig;
		};
		016182CD2AE97191003E01C4 /* FirebaseRemoteConfigSwift */ = {
			isa = XCSwiftPackageProductDependency;
			package = 0161829C2AE97191003E01C4 /* XCRemoteSwiftPackageReference "firebase-ios-sdk" */;
			productName = FirebaseRemoteConfigSwift;
		};
		016182CF2AE97191003E01C4 /* FirebaseStorage */ = {
			isa = XCSwiftPackageProductDependency;
			package = 0161829C2AE97191003E01C4 /* XCRemoteSwiftPackageReference "firebase-ios-sdk" */;
			productName = FirebaseStorage;
		};
		016182D12AE97191003E01C4 /* FirebaseStorageCombine-Community */ = {
			isa = XCSwiftPackageProductDependency;
			package = 0161829C2AE97191003E01C4 /* XCRemoteSwiftPackageReference "firebase-ios-sdk" */;
			productName = "FirebaseStorageCombine-Community";
		};
/* End XCSwiftPackageProductDependency section */
	};
	rootObject = 016182832AE970D4003E01C4 /* Project object */;
}
